
Microsoft Visual Studio Solution File, Format Version 12.00
Project("{FAE04EC0-301F-11D3-BF4B-00C04F79EFBC}") = "Api", "Api\Api.csproj", "{CCE7A59F-D559-46D7-A8EE-07DB4DF8A8B5}"
EndProject
Global
	GlobalSection(SolutionConfigurationPlatforms) = preSolution
		Debug|Any CPU = Debug|Any CPU
		Release|Any CPU = Release|Any CPU
	EndGlobalSection
	GlobalSection(ProjectConfigurationPlatforms) = postSolution
		{CCE7A59F-D559-46D7-A8EE-07DB4DF8A8B5}.Debug|Any CPU.ActiveCfg = Debug|Any CPU
		{CCE7A59F-D559-46D7-A8EE-07DB4DF8A8B5}.Debug|Any CPU.Build.0 = Debug|Any CPU
		{CCE7A59F-D559-46D7-A8EE-07DB4DF8A8B5}.Release|Any CPU.ActiveCfg = Release|Any CPU
		{CCE7A59F-D559-46D7-A8EE-07DB4DF8A8B5}.Release|Any CPU.Build.0 = Release|Any CPU
	EndGlobalSection
EndGlobal
